
Microsoft Visual Studio Solution File, Format Version 12.00
# Visual Studio 15
VisualStudioVersion = 15.0.28307.960
MinimumVisualStudioVersion = 10.0.40219.1
Project("{8BC9CEB8-8B4A-11D0-8D11-00A0C91BC942}") = "DinoRun", "DinoRun\DinoRun.vcxproj", "{398CE88A-DC4E-4594-A006-463AC5C2A571}"
EndProject
Global
	GlobalSection(SolutionConfigurationPlatforms) = preSolution
		Debug|x64 = Debug|x64
		Debug|x86 = Debug|x86
		Release|x64 = Release|x64
		Release|x86 = Release|x86
	EndGlobalSection
	GlobalSection(ProjectConfigurationPlatforms) = postSolution
		{398CE88A-DC4E-4594-A006-463AC5C2A571}.Debug|x64.ActiveCfg = Debug|x64
		{398CE88A-DC4E-4594-A006-463AC5C2A571}.Debug|x64.Build.0 = Debug|x64
		{398CE88A-DC4E-4594-A006-463AC5C2A571}.Debug|x86.ActiveCfg = Debug|Win32
		{398CE88A-DC4E-4594-A006-463AC5C2A571}.Debug|x86.Build.0 = Debug|Win32
		{398CE88A-DC4E-4594-A006-463AC5C2A571}.Release|x64.ActiveCfg = Release|x64
		{398CE88A-DC4E-4594-A006-463AC5C2A571}.Release|x64.Build.0 = Release|x64
		{398CE88A-DC4E-4594-A006-463AC5C2A571}.Release|x86.ActiveCfg = Release|Win32
		{398CE88A-DC4E-4594-A006-463AC5C2A571}.Release|x86.Build.0 = Release|Win32
	EndGlobalSection
	GlobalSection(SolutionProperties) = preSolution
		HideSolutionNode = FALSE
	EndGlobalSection
	GlobalSection(ExtensibilityGlobals) = postSolution
		SolutionGuid = {CC7CED76-5DB2-4696-9E28-93ECDB1CDD62}
	EndGlobalSection
EndGlobal
