<?xml version="1.0" encoding="utf-8"?>
<Project ToolsVersion="4.0" xmlns="http://schemas.microsoft.com/developer/msbuild/2003">
  <ItemGroup>
    <Filter Include="소스 파일">
      <UniqueIdentifier>{4FC737F1-C7A5-4376-A066-2A32D752A2FF}</UniqueIdentifier>
      <Extensions>cpp;c;cc;cxx;def;odl;idl;hpj;bat;asm;asmx</Extensions>
    </Filter>
    <Filter Include="헤더 파일">
      <UniqueIdentifier>{93995380-89BD-4b04-88EB-625FBE52EBFB}</UniqueIdentifier>
      <Extensions>h;hh;hpp;hxx;hm;inl;inc;ipp;xsd</Extensions>
    </Filter>
    <Filter Include="리소스 파일">
      <UniqueIdentifier>{67DA6AB6-F800-4c08-8B7A-83BB121AAD01}</UniqueIdentifier>
      <Extensions>rc;ico;cur;bmp;dlg;rc2;rct;bin;rgs;gif;jpg;jpeg;jpe;resx;tiff;tif;png;wav;mfcribbon-ms</Extensions>
    </Filter>
    <Filter Include="Common">
      <UniqueIdentifier>{21c0ff29-1c60-470a-afdb-4d3210fb9a2b}</UniqueIdentifier>
    </Filter>
    <Filter Include="Objects">
      <UniqueIdentifier>{2d9ec6ce-8b40-4577-a358-85fdea47899d}</UniqueIdentifier>
    </Filter>
    <Filter Include="Shaders">
      <UniqueIdentifier>{c64c9d88-bea4-4767-a04e-8774b7cf81f4}</UniqueIdentifier>
    </Filter>
    <Filter Include="Scenes">
      <UniqueIdentifier>{3d15bf46-2392-4327-a8a6-dacdb6897eed}</UniqueIdentifier>
    </Filter>
    <Filter Include="Meshes">
      <UniqueIdentifier>{11d7a805-b48e-49f2-8443-ed24f40cc339}</UniqueIdentifier>
    </Filter>
    <Filter Include="Common\Camera">
      <UniqueIdentifier>{0063471a-ea67-423d-b4f5-339f22c008bf}</UniqueIdentifier>
    </Filter>
    <Filter Include="Common\Framework">
      <UniqueIdentifier>{a483e75e-b4f5-4afa-8b3b-834d152c2567}</UniqueIdentifier>
    </Filter>
    <Filter Include="Common\Timer">
      <UniqueIdentifier>{8e7690e7-fcda-4364-b24e-e069021f4d09}</UniqueIdentifier>
    </Filter>
    <Filter Include="Common\TextureLoad">
      <UniqueIdentifier>{fb412dbc-b760-4b66-86ff-8d1e4f71a307}</UniqueIdentifier>
    </Filter>
    <Filter Include="Scenes\BaseScene">
      <UniqueIdentifier>{bc465297-5264-4fa2-a967-cb8931c9cb54}</UniqueIdentifier>
    </Filter>
    <Filter Include="Scenes\GameScene">
      <UniqueIdentifier>{3371446c-f215-46d0-89ad-4501095998b8}</UniqueIdentifier>
    </Filter>
    <Filter Include="Objects\BaseObject">
      <UniqueIdentifier>{290f73c5-61ec-42cc-9c48-6ac77a4d1e22}</UniqueIdentifier>
    </Filter>
    <Filter Include="Objects\PlayerObject">
      <UniqueIdentifier>{8106e10b-ef77-42de-b534-87c16b705e6d}</UniqueIdentifier>
    </Filter>
    <Filter Include="Meshes\BaseMesh">
      <UniqueIdentifier>{4ed16e11-3f97-463b-be11-13f4368ca87e}</UniqueIdentifier>
    </Filter>
    <Filter Include="CShaders">
      <UniqueIdentifier>{f451a827-3dbc-478f-aa61-d29bb08271fe}</UniqueIdentifier>
    </Filter>
    <Filter Include="CShaders\BaseShader">
      <UniqueIdentifier>{057f5a38-6eda-4957-934f-6514231483f4}</UniqueIdentifier>
    </Filter>
    <Filter Include="Objects\TerrainObject">
      <UniqueIdentifier>{2dc3cbbd-3c43-4229-82a8-80caab0d84a9}</UniqueIdentifier>
    </Filter>
    <Filter Include="Meshes\TerrainMesh">
      <UniqueIdentifier>{ac51a89c-1cf2-4388-9bf7-12ac8c72c77c}</UniqueIdentifier>
    </Filter>
    <Filter Include="CShaders\TerrainShader">
      <UniqueIdentifier>{ba3d65fb-b417-43b2-bdab-7dace941cb7c}</UniqueIdentifier>
    </Filter>
    <Filter Include="Objects\SkyBoxObject">
      <UniqueIdentifier>{f85e6750-fa47-4338-91f3-652368e95e9f}</UniqueIdentifier>
    </Filter>
    <Filter Include="CShaders\SkyBoxShader">
      <UniqueIdentifier>{515f6dc0-d90d-47d4-afe1-1685cdee7413}</UniqueIdentifier>
    </Filter>
    <Filter Include="Meshes\SkyBoxBesh">
      <UniqueIdentifier>{e098abb9-3ab5-4e62-a64f-2991596f5436}</UniqueIdentifier>
    </Filter>
    <Filter Include="CShaders\BillBoardShader">
      <UniqueIdentifier>{133ec4f2-d7c4-4263-bed7-1e5972baf155}</UniqueIdentifier>
    </Filter>
    <Filter Include="Meshes\BillBoardMesh">
      <UniqueIdentifier>{7f5f725d-215a-40b1-80e5-ebd274351e20}</UniqueIdentifier>
    </Filter>
    <Filter Include="Objects\BillBoardObject">
      <UniqueIdentifier>{e4c5f5f1-7456-44a6-8560-8f6ea981a52d}</UniqueIdentifier>
    </Filter>
    <Filter Include="CShaders\ModelShader">
      <UniqueIdentifier>{84ee182e-3d38-4609-b75e-94669d09cb5c}</UniqueIdentifier>
    </Filter>
    <Filter Include="Common\Framework\DrawManager">
      <UniqueIdentifier>{9c4c0e31-3d8c-435b-9cc8-c0be06488409}</UniqueIdentifier>
    </Filter>
    <Filter Include="Common\Framework\CreateManager">
      <UniqueIdentifier>{b1911e3e-a96a-4512-9cbd-9db54a5766f4}</UniqueIdentifier>
    </Filter>
    <Filter Include="Common\Global">
      <UniqueIdentifier>{00108b15-7089-4251-b299-205024b72fdc}</UniqueIdentifier>
    </Filter>
    <Filter Include="DinoRun">
      <UniqueIdentifier>{62a43799-a908-418c-bb4f-240e7291c3ab}</UniqueIdentifier>
    </Filter>
    <Filter Include="Shaders\not complete">
      <UniqueIdentifier>{564e1c90-3e05-4e8d-988f-e77fc230f6a4}</UniqueIdentifier>
    </Filter>
    <Filter Include="Scenes\StartScene">
      <UniqueIdentifier>{c6abcaba-78d7-4fd5-9199-b84d02e3091e}</UniqueIdentifier>
    </Filter>
    <Filter Include="Scenes\LobbyScene">
      <UniqueIdentifier>{5b607246-47bd-46e2-b95f-73ab3978741a}</UniqueIdentifier>
    </Filter>
    <Filter Include="CShaders\SkinedShader">
      <UniqueIdentifier>{98d6b664-2c66-41b4-b087-4a36610fd21b}</UniqueIdentifier>
    </Filter>
    <Filter Include="CShaders\UiShader">
      <UniqueIdentifier>{d958ffaf-dba1-4036-8fa6-8db3f9c17d6e}</UniqueIdentifier>
    </Filter>
    <Filter Include="CShaders\SkinedShader\00Skined">
      <UniqueIdentifier>{68fe010d-cf83-4047-be15-a836a3e472f2}</UniqueIdentifier>
    </Filter>
    <Filter Include="CShaders\SkinedShader\01Player">
      <UniqueIdentifier>{58b4bf08-83b0-48c2-9a00-e8726f18e55f}</UniqueIdentifier>
    </Filter>
    <Filter Include="CShaders\ModelShader\01Tree">
      <UniqueIdentifier>{bf59ed58-785c-442d-bb65-bd8222e35327}</UniqueIdentifier>
    </Filter>
    <Filter Include="CShaders\ModelShader\00Model">
      <UniqueIdentifier>{014b873d-fe07-42a9-a887-938ecc102d5a}</UniqueIdentifier>
    </Filter>
    <Filter Include="CShaders\UiShader\02Gauge">
      <UniqueIdentifier>{33d7d92b-b8a9-42df-a83c-2cb4f3ea3101}</UniqueIdentifier>
    </Filter>
    <Filter Include="CShaders\UiShader\01TimeCount">
      <UniqueIdentifier>{ea6ff9fe-196d-4c7a-a7df-704f8483ee0e}</UniqueIdentifier>
    </Filter>
    <Filter Include="CShaders\UiShader\00UiShader">
      <UniqueIdentifier>{ad26dd12-db7a-47d9-a348-28dc401fc41f}</UniqueIdentifier>
    </Filter>
    <Filter Include="Common\ParticleSystem">
      <UniqueIdentifier>{467c79da-e5bd-4d87-8d6c-45f84e41bf86}</UniqueIdentifier>
    </Filter>
    <Filter Include="CShaders\ModelShader\03Fence">
      <UniqueIdentifier>{0322926f-7829-4316-9f36-427ea95f785a}</UniqueIdentifier>
    </Filter>
    <Filter Include="CShaders\ModelShader\02Block">
      <UniqueIdentifier>{b857c30e-a989-4c91-af0f-3bda5abf2781}</UniqueIdentifier>
    </Filter>
    <Filter Include="Objects\ItemObject">
      <UniqueIdentifier>{ed75604a-b4d0-414e-933e-c842c37704c0}</UniqueIdentifier>
    </Filter>
    <Filter Include="CShaders\ModelShader\04Item">
      <UniqueIdentifier>{b48cb996-8277-4d3b-8028-96dac3bf322d}</UniqueIdentifier>
    </Filter>
    <Filter Include="CShaders\UiShader\03TrackCount">
      <UniqueIdentifier>{8156432d-ba74-447b-8385-a8dabb957e41}</UniqueIdentifier>
    </Filter>
    <Filter Include="Common\Font">
      <UniqueIdentifier>{f08696e7-2fa9-470e-a292-2862b615c6bd}</UniqueIdentifier>
    </Filter>
    <Filter Include="CShaders\FontShader">
      <UniqueIdentifier>{c50a5cb0-04b5-4613-9e7a-661754fd0ddd}</UniqueIdentifier>
    </Filter>
    <Filter Include="CShaders\FontShader\00Font">
      <UniqueIdentifier>{2d884dc9-380b-4686-b0d1-d7c6d990d192}</UniqueIdentifier>
    </Filter>
    <Filter Include="CShaders\UiShader\04BackGround">
      <UniqueIdentifier>{9378677a-d14f-4607-a06b-6c7a35c587c2}</UniqueIdentifier>
    </Filter>
    <Filter Include="CShaders\UiShader\06SelectButtonShader">
      <UniqueIdentifier>{a98e90a9-4bcd-4f66-b6b3-effa2abeeea7}</UniqueIdentifier>
    </Filter>
    <Filter Include="Common\Framework\FontManager">
      <UniqueIdentifier>{d72f00e9-e94f-4a56-bf25-79456060b8bc}</UniqueIdentifier>
    </Filter>
    <Filter Include="Common\Framework\SoundManager">
      <UniqueIdentifier>{80054a99-b8a3-4446-96d6-ea12ba77ed06}</UniqueIdentifier>
    </Filter>
    <Filter Include="CShaders\BlurShader">
      <UniqueIdentifier>{65c525b6-9193-4dd9-a792-46330ab517cf}</UniqueIdentifier>
    </Filter>
    <Filter Include="Scenes\RoomScene">
      <UniqueIdentifier>{4b91accd-062c-4756-9514-155142872f60}</UniqueIdentifier>
    </Filter>
    <Filter Include="Scenes\EndScene">
      <UniqueIdentifier>{3252424d-4fae-40c4-ab1c-d7ae51cae3fd}</UniqueIdentifier>
    </Filter>
    <Filter Include="Objects\CheckPointObject">
      <UniqueIdentifier>{c60024f0-e335-4de2-89ff-e43b41c32419}</UniqueIdentifier>
    </Filter>
    <Filter Include="Objects\FenceObject">
      <UniqueIdentifier>{158f8c88-e4e6-4f6f-925f-1138409072a0}</UniqueIdentifier>
    </Filter>
    <Filter Include="Common\Animation">
      <UniqueIdentifier>{7d44ddc3-d552-4ee0-b8a2-ad23c4f09565}</UniqueIdentifier>
    </Filter>
    <Filter Include="Objects\ItemObject\00Item">
      <UniqueIdentifier>{2c0be0cf-2dda-45d7-9b86-a368b81af24d}</UniqueIdentifier>
    </Filter>
    <Filter Include="Objects\ItemObject\01ItemMeat">
      <UniqueIdentifier>{1d168824-1fc4-4647-9344-95938061b8ac}</UniqueIdentifier>
    </Filter>
    <Filter Include="Objects\ItemObject\02ItemBanana">
      <UniqueIdentifier>{ec4577bb-18be-4dbc-8976-8061b240a1de}</UniqueIdentifier>
    </Filter>
    <Filter Include="Meshes\LiePlaneMesh">
      <UniqueIdentifier>{33862513-9039-4c7f-b55a-089937c31c49}</UniqueIdentifier>
    </Filter>
    <Filter Include="Meshes\PlaneMesh">
      <UniqueIdentifier>{2788cff3-2ded-4e93-bbef-9117fa7ca928}</UniqueIdentifier>
    </Filter>
    <Filter Include="CShaders\MinimapShader">
      <UniqueIdentifier>{8e1a3989-09b2-419b-bc68-e12f2d0e85a7}</UniqueIdentifier>
    </Filter>
    <Filter Include="CShaders\UiShader\07Icon">
      <UniqueIdentifier>{f588377e-8e1c-4ca4-9ddf-50e0778e0e2c}</UniqueIdentifier>
    </Filter>
    <Filter Include="Scenes\ItemGameScene">
      <UniqueIdentifier>{64e936bd-939e-47c8-82db-b92c3cf8b653}</UniqueIdentifier>
    </Filter>
    <Filter Include="CShaders\UiShader\08RankCounter">
      <UniqueIdentifier>{eca0492c-a6fa-4d75-ba9a-7c009bec61aa}</UniqueIdentifier>
    </Filter>
    <Filter Include="CShaders\UiShader\05ImageShader">
      <UniqueIdentifier>{d340ed2f-c291-4ac7-ad53-12cf890ff8d5}</UniqueIdentifier>
    </Filter>
    <Filter Include="Objects\ItemObject\04ItemStone">
      <UniqueIdentifier>{4f9d200f-64f2-4e0f-9668-08558a40fba3}</UniqueIdentifier>
    </Filter>
    <Filter Include="Objects\ItemObject\03ItemMud">
      <UniqueIdentifier>{284e0d6b-6074-41d9-8898-4de18454dae0}</UniqueIdentifier>
    </Filter>
    <Filter Include="Common\Framework\NetworkManager">
      <UniqueIdentifier>{de07a1f1-7761-41ff-b9ac-02c16f1d58f1}</UniqueIdentifier>
    </Filter>
    <Filter Include="Common\RigidBody">
      <UniqueIdentifier>{8696683e-7500-4000-80db-c8c474215de6}</UniqueIdentifier>
    </Filter>
  </ItemGroup>
  <ItemGroup>
    <ClInclude Include="Common\stdafx.h">
      <Filter>Common</Filter>
    </ClInclude>
    <ClInclude Include="Common\d3dx12.h">
      <Filter>Common</Filter>
    </ClInclude>
    <ClInclude Include="Common\Resource.h">
      <Filter>Common</Filter>
    </ClInclude>
    <ClInclude Include="Common\targetver.h">
      <Filter>Common</Filter>
    </ClInclude>
    <ClInclude Include="Common\FrameWork\CGameFramework.h">
      <Filter>Common\Framework</Filter>
    </ClInclude>
    <ClInclude Include="Common\Timer\Timer.h">
      <Filter>Common\Timer</Filter>
    </ClInclude>
    <ClInclude Include="Common\TextureLoad\DDSTextureLoader12.h">
      <Filter>Common\TextureLoad</Filter>
    </ClInclude>
    <ClInclude Include="Global\Global.h">
      <Filter>Common\Global</Filter>
    </ClInclude>
    <ClInclude Include="Scenes\GameScene.h">
      <Filter>Scenes\GameScene</Filter>
    </ClInclude>
    <ClInclude Include="Scenes\BaseScene.h">
      <Filter>Scenes\BaseScene</Filter>
    </ClInclude>
    <ClInclude Include="Common\Camera\Camera.h">
      <Filter>Common\Camera</Filter>
    </ClInclude>
    <ClInclude Include="Objects\BaseObject.h">
      <Filter>Objects\BaseObject</Filter>
    </ClInclude>
    <ClInclude Include="Objects\PlayerObject.h">
      <Filter>Objects\PlayerObject</Filter>
    </ClInclude>
    <ClInclude Include="Meshes\Mesh.h">
      <Filter>Meshes\BaseMesh</Filter>
    </ClInclude>
    <ClInclude Include="CShaders\Shader.h">
      <Filter>CShaders\BaseShader</Filter>
    </ClInclude>
    <ClInclude Include="Objects\TerrainObject.h">
      <Filter>Objects\TerrainObject</Filter>
    </ClInclude>
    <ClInclude Include="Meshes\TerrainMesh.h">
      <Filter>Meshes\TerrainMesh</Filter>
    </ClInclude>
    <ClInclude Include="CShaders\TerrainShader\TerrainShader.h">
      <Filter>CShaders\TerrainShader</Filter>
    </ClInclude>
    <ClInclude Include="Objects\SkyBoxObject.h">
      <Filter>Objects\SkyBoxObject</Filter>
    </ClInclude>
    <ClInclude Include="CShaders\SkyBoxShader\SkyBoxShader.h">
      <Filter>CShaders\SkyBoxShader</Filter>
    </ClInclude>
    <ClInclude Include="Meshes\SkyBoxMesh.h">
      <Filter>Meshes\SkyBoxBesh</Filter>
    </ClInclude>
    <ClInclude Include="CShaders\BillBoardShader\BillBoardShader.h">
      <Filter>CShaders\BillBoardShader</Filter>
    </ClInclude>
    <ClInclude Include="Meshes\BillBoardMesh.h">
      <Filter>Meshes\BillBoardMesh</Filter>
    </ClInclude>
    <ClInclude Include="Objects\BillBoardObject.h">
      <Filter>Objects\BillBoardObject</Filter>
    </ClInclude>
    <ClInclude Include="Common\FrameWork\CreateManager.h">
      <Filter>Common\Framework\CreateManager</Filter>
    </ClInclude>
    <ClInclude Include="Common\FrameWork\DrawManager.h">
      <Filter>Common\Framework\DrawManager</Filter>
    </ClInclude>
    <ClInclude Include="DinoRun.h">
      <Filter>DinoRun</Filter>
    </ClInclude>
    <ClInclude Include="Meshes\PlaneMesh.h">
      <Filter>Meshes\PlaneMesh</Filter>
    </ClInclude>
    <ClInclude Include="CShaders\SkinedShader\SkinedShader.h">
      <Filter>CShaders\SkinedShader\00Skined</Filter>
    </ClInclude>
    <ClInclude Include="CShaders\ModelShader\ModelShader.h">
      <Filter>CShaders\ModelShader\00Model</Filter>
    </ClInclude>
    <ClInclude Include="CShaders\UiShader\UiShader.h">
      <Filter>CShaders\UiShader\00UiShader</Filter>
    </ClInclude>
    <ClInclude Include="Common\ParticleSystem\ParticleSystem.h">
      <Filter>Common\ParticleSystem</Filter>
    </ClInclude>
    <ClInclude Include="Scenes\LobbyScene.h">
      <Filter>Scenes\LobbyScene</Filter>
    </ClInclude>
    <ClInclude Include="Scenes\StartScene.h">
      <Filter>Scenes\StartScene</Filter>
    </ClInclude>
    <ClInclude Include="Common\Font\Font.h">
      <Filter>Common\Font</Filter>
    </ClInclude>
    <ClInclude Include="CShaders\FontShader\FontShader.h">
      <Filter>CShaders\FontShader\00Font</Filter>
    </ClInclude>
    <ClInclude Include="Common\FrameWork\FontManager.h">
      <Filter>Common\Framework\FontManager</Filter>
    </ClInclude>
    <ClInclude Include="Common\FrameWork\SoundManager.h">
      <Filter>Common\Framework\SoundManager</Filter>
    </ClInclude>
    <ClInclude Include="CShaders\BlurShader\BlurShader.h">
      <Filter>CShaders\BlurShader</Filter>
    </ClInclude>
    <ClInclude Include="Scenes\EndScene.h">
      <Filter>Scenes\EndScene</Filter>
    </ClInclude>
    <ClInclude Include="Scenes\RoomScene.h">
      <Filter>Scenes\RoomScene</Filter>
    </ClInclude>
    <ClInclude Include="Objects\FenceObject.h">
      <Filter>Objects\FenceObject</Filter>
    </ClInclude>
    <ClInclude Include="Objects\CheckPointObject.h">
      <Filter>Objects\CheckPointObject</Filter>
    </ClInclude>
    <ClInclude Include="Common\Animation\Animation.h">
      <Filter>Common\Animation</Filter>
    </ClInclude>
    <ClInclude Include="Objects\ItemObject.h">
      <Filter>Objects\ItemObject\00Item</Filter>
    </ClInclude>
    <ClInclude Include="Meshes\LiePlaneMesh.h">
      <Filter>Meshes\LiePlaneMesh</Filter>
    </ClInclude>
    <ClInclude Include="CShaders\MinimapShader\MinimapShader.h">
      <Filter>CShaders\MinimapShader</Filter>
    </ClInclude>
    <ClInclude Include="Scenes\ItemGameScene.h">
      <Filter>Scenes\ItemGameScene</Filter>
    </ClInclude>
    <ClInclude Include="Common\FrameWork\NetworkManager.h">
      <Filter>Common\Framework\NetworkManager</Filter>
    </ClInclude>
    <ClInclude Include="Common\RigidBody\RigidBody.h">
      <Filter>Common\RigidBody</Filter>
    </ClInclude>
  </ItemGroup>
  <ItemGroup>
    <ClCompile Include="Common\stdafx.cpp">
      <Filter>Common</Filter>
    </ClCompile>
    <ClCompile Include="Common\FrameWork\CGameFramework.cpp">
      <Filter>Common\Framework</Filter>
    </ClCompile>
    <ClCompile Include="Common\Timer\Timer.cpp">
      <Filter>Common\Timer</Filter>
    </ClCompile>
    <ClCompile Include="Common\TextureLoad\DDSTextureLoader12.cpp">
      <Filter>Common\TextureLoad</Filter>
    </ClCompile>
    <ClCompile Include="Scenes\BaseScene.cpp">
      <Filter>Scenes\BaseScene</Filter>
    </ClCompile>
    <ClCompile Include="Common\Camera\Camera.cpp">
      <Filter>Common\Camera</Filter>
    </ClCompile>
    <ClCompile Include="Objects\BaseObject.cpp">
      <Filter>Objects\BaseObject</Filter>
    </ClCompile>
    <ClCompile Include="Objects\PlayerObject.cpp">
      <Filter>Objects\PlayerObject</Filter>
    </ClCompile>
    <ClCompile Include="Meshes\Mesh.cpp">
      <Filter>Meshes\BaseMesh</Filter>
    </ClCompile>
    <ClCompile Include="CShaders\Shader.cpp">
      <Filter>CShaders\BaseShader</Filter>
    </ClCompile>
    <ClCompile Include="Objects\TerrainObject.cpp">
      <Filter>Objects\TerrainObject</Filter>
    </ClCompile>
    <ClCompile Include="Meshes\TerrainMesh.cpp">
      <Filter>Meshes\TerrainMesh</Filter>
    </ClCompile>
    <ClCompile Include="CShaders\TerrainShader\TerrainShader.cpp">
      <Filter>CShaders\TerrainShader</Filter>
    </ClCompile>
    <ClCompile Include="Objects\SkyBoxObject.cpp">
      <Filter>Objects\SkyBoxObject</Filter>
    </ClCompile>
    <ClCompile Include="CShaders\SkyBoxShader\SkyBoxShader.cpp">
      <Filter>CShaders\SkyBoxShader</Filter>
    </ClCompile>
    <ClCompile Include="Meshes\SkyBoxMesh.cpp">
      <Filter>Meshes\SkyBoxBesh</Filter>
    </ClCompile>
    <ClCompile Include="CShaders\BillBoardShader\BillBoardShader.cpp">
      <Filter>CShaders\BillBoardShader</Filter>
    </ClCompile>
    <ClCompile Include="Meshes\BillBoardMesh.cpp">
      <Filter>Meshes\BillBoardMesh</Filter>
    </ClCompile>
    <ClCompile Include="Objects\BillBoardObject.cpp">
      <Filter>Objects\BillBoardObject</Filter>
    </ClCompile>
    <ClCompile Include="Common\FrameWork\CreateManager.cpp">
      <Filter>Common\Framework\CreateManager</Filter>
    </ClCompile>
    <ClCompile Include="Common\FrameWork\DrawManager.cpp">
      <Filter>Common\Framework\DrawManager</Filter>
    </ClCompile>
    <ClCompile Include="DinoRun.cpp">
      <Filter>DinoRun</Filter>
    </ClCompile>
    <ClCompile Include="Scenes\GameScene.cpp">
      <Filter>Scenes\GameScene</Filter>
    </ClCompile>
    <ClCompile Include="Meshes\PlaneMesh.cpp">
      <Filter>Meshes\PlaneMesh</Filter>
    </ClCompile>
    <ClCompile Include="CShaders\SkinedShader\SkinedShader.cpp">
      <Filter>CShaders\SkinedShader\00Skined</Filter>
    </ClCompile>
    <ClCompile Include="CShaders\ModelShader\TreeShader.cpp">
      <Filter>CShaders\ModelShader\01Tree</Filter>
    </ClCompile>
    <ClCompile Include="CShaders\ModelShader\ModelShader.cpp">
      <Filter>CShaders\ModelShader\00Model</Filter>
    </ClCompile>
    <ClCompile Include="CShaders\SkinedShader\PlayerShader.cpp">
      <Filter>CShaders\SkinedShader\01Player</Filter>
    </ClCompile>
    <ClCompile Include="CShaders\UiShader\GaugeShader.cpp">
      <Filter>CShaders\UiShader\02Gauge</Filter>
    </ClCompile>
    <ClCompile Include="CShaders\UiShader\TimeCountShader.cpp">
      <Filter>CShaders\UiShader\01TimeCount</Filter>
    </ClCompile>
    <ClCompile Include="Common\ParticleSystem\ParticleSystem.cpp">
      <Filter>Common\ParticleSystem</Filter>
    </ClCompile>
    <ClCompile Include="Scenes\LobbyScene.cpp">
      <Filter>Scenes\LobbyScene</Filter>
    </ClCompile>
    <ClCompile Include="Scenes\StartScene.cpp">
      <Filter>Scenes\StartScene</Filter>
    </ClCompile>
    <ClCompile Include="CShaders\ModelShader\BlockShader.cpp">
      <Filter>CShaders\ModelShader\02Block</Filter>
    </ClCompile>
    <ClCompile Include="CShaders\ModelShader\FenceShader.cpp">
      <Filter>CShaders\ModelShader\03Fence</Filter>
    </ClCompile>
    <ClCompile Include="CShaders\ModelShader\ItemShader.cpp">
      <Filter>CShaders\ModelShader\04Item</Filter>
    </ClCompile>
    <ClCompile Include="CShaders\UiShader\TrackCountShader.cpp">
      <Filter>CShaders\UiShader\03TrackCount</Filter>
    </ClCompile>
    <ClCompile Include="Common\Font\Font.cpp">
      <Filter>Common\Font</Filter>
    </ClCompile>
    <ClCompile Include="CShaders\FontShader\FontShader.cpp">
      <Filter>CShaders\FontShader\00Font</Filter>
    </ClCompile>
    <ClCompile Include="CShaders\UiShader\BackGroundShader.cpp">
      <Filter>CShaders\UiShader\04BackGround</Filter>
    </ClCompile>
    <ClCompile Include="CShaders\UiShader\SelectButtonShader.cpp">
      <Filter>CShaders\UiShader\06SelectButtonShader</Filter>
    </ClCompile>
    <ClCompile Include="Common\FrameWork\FontManager.cpp">
      <Filter>Common\Framework\FontManager</Filter>
    </ClCompile>
    <ClCompile Include="Common\FrameWork\SoundManager.cpp">
      <Filter>Common\Framework\SoundManager</Filter>
    </ClCompile>
    <ClCompile Include="CShaders\BlurShader\BlurShader.cpp">
      <Filter>CShaders\BlurShader</Filter>
    </ClCompile>
    <ClCompile Include="Scenes\EndScene.cpp">
      <Filter>Scenes\EndScene</Filter>
    </ClCompile>
    <ClCompile Include="Scenes\RoomScene.cpp">
      <Filter>Scenes\RoomScene</Filter>
    </ClCompile>
    <ClCompile Include="Objects\FenceObject.cpp">
      <Filter>Objects\FenceObject</Filter>
    </ClCompile>
    <ClCompile Include="Objects\CheckPointObject.cpp">
      <Filter>Objects\CheckPointObject</Filter>
    </ClCompile>
    <ClCompile Include="Common\Animation\Animation.cpp">
      <Filter>Common\Animation</Filter>
    </ClCompile>
    <ClCompile Include="Objects\ItemObject.cpp">
      <Filter>Objects\ItemObject\00Item</Filter>
    </ClCompile>
    <ClCompile Include="Objects\ItemMeat.cpp">
      <Filter>Objects\ItemObject\01ItemMeat</Filter>
    </ClCompile>
    <ClCompile Include="Objects\ItemBanana.cpp">
      <Filter>Objects\ItemObject\02ItemBanana</Filter>
    </ClCompile>
    <ClCompile Include="Meshes\LiePlaneMesh.cpp">
      <Filter>Meshes\LiePlaneMesh</Filter>
    </ClCompile>
    <ClCompile Include="CShaders\MinimapShader\MinimapShader.cpp">
      <Filter>CShaders\MinimapShader</Filter>
    </ClCompile>
    <ClCompile Include="CShaders\UiShader\IconShader.cpp">
      <Filter>CShaders\UiShader\07Icon</Filter>
    </ClCompile>
    <ClCompile Include="Scenes\ItemGameScene.cpp">
      <Filter>Scenes\ItemGameScene</Filter>
    </ClCompile>
    <ClCompile Include="CShaders\ModelShader\MeatShader.cpp">
      <Filter>CShaders\ModelShader\04Item</Filter>
    </ClCompile>
    <ClCompile Include="CShaders\UiShader\RankCountShader.cpp">
      <Filter>CShaders\UiShader\08RankCounter</Filter>
    </ClCompile>
    <ClCompile Include="CShaders\UiShader\ImageShader.cpp">
      <Filter>CShaders\UiShader\05ImageShader</Filter>
    </ClCompile>
    <ClCompile Include="Objects\ItemStone.cpp">
      <Filter>Objects\ItemObject\04ItemStone</Filter>
    </ClCompile>
    <ClCompile Include="CShaders\ModelShader\BananaShader.cpp">
      <Filter>CShaders\ModelShader\04Item</Filter>
    </ClCompile>
    <ClCompile Include="CShaders\ModelShader\StoneShader.cpp">
      <Filter>CShaders\ModelShader\04Item</Filter>
    </ClCompile>
    <ClCompile Include="CShaders\ModelShader\MudShader.cpp">
      <Filter>CShaders\ModelShader\04Item</Filter>
    </ClCompile>
    <ClCompile Include="Objects\ItemMud.cpp">
      <Filter>Objects\ItemObject\03ItemMud</Filter>
    </ClCompile>
    <ClCompile Include="Common\FrameWork\NetworkManager.cpp">
      <Filter>Common\Framework\NetworkManager</Filter>
    </ClCompile>
    <ClCompile Include="Common\RigidBody\RigidBody.cpp">
      <Filter>Common\RigidBody</Filter>
    </ClCompile>
  </ItemGroup>
  <ItemGroup>
    <ResourceCompile Include="DinoRun.rc">
      <Filter>리소스 파일</Filter>
    </ResourceCompile>
  </ItemGroup>
  <ItemGroup>
    <Image Include="small.ico">
      <Filter>리소스 파일</Filter>
    </Image>
    <Image Include="DinoRun.ico">
      <Filter>리소스 파일</Filter>
    </Image>
  </ItemGroup>
  <ItemGroup>
    <FxCompile Include="Common\Shaders\Light.hlsl">
      <Filter>Shaders</Filter>
    </FxCompile>
    <FxCompile Include="Common\Shaders\Shaders.hlsl">
      <Filter>Shaders</Filter>
    </FxCompile>
    <FxCompile Include="Common\Shaders\Shadows.hlsl">
      <Filter>Shaders</Filter>
    </FxCompile>
    <FxCompile Include="Common\Shaders\CubeMap.hlsl">
      <Filter>Shaders</Filter>
    </FxCompile>
    <FxCompile Include="Common\Shaders\SkinMesh.hlsl">
      <Filter>Shaders</Filter>
    </FxCompile>
    <FxCompile Include="Common\Shaders\Terrain.hlsl">
      <Filter>Shaders</Filter>
    </FxCompile>
    <FxCompile Include="Common\Shaders\TexturedObjects.hlsl">
      <Filter>Shaders</Filter>
    </FxCompile>
    <FxCompile Include="Common\Shaders\BillBoard.hlsl">
      <Filter>Shaders</Filter>
    </FxCompile>
    <FxCompile Include="Common\Shaders\WireFrame.hlsl">
      <Filter>Shaders</Filter>
    </FxCompile>
    <FxCompile Include="Common\Shaders\Ui.hlsl">
      <Filter>Shaders</Filter>
    </FxCompile>
    <FxCompile Include="Common\Shaders\Font.hlsl">
      <Filter>Shaders</Filter>
    </FxCompile>
    <FxCompile Include="Common\Shaders\Blur.hlsl">
      <Filter>Shaders</Filter>
    </FxCompile>
    <FxCompile Include="Common\Shaders\Particle.hlsl">
      <Filter>Shaders</Filter>
    </FxCompile>
  </ItemGroup>
</Project>